Microsoft Visual Studio Solution File, Format Version 12.00
# Visual Studio Version 17
VisualStudioVersion = 17.5.2.0
MinimumVisualStudioVersion = 10.0.40219.1
Project("{2150E333-8FDC-42A3-9474-1A3956D46DE8}") = "ToDoList", "ToDoList", "{8611CEBD-4683-B532-4E66-174D9C1D9B39}"
EndProject
Project("{FAE04EC0-301F-11D3-BF4B-00C04F79EFBC}") = "ToDoList", "ToDoList\ToDoList\ToDoList.csproj", "{880AF4C0-50FC-78C1-7C58-4359C9AE8176}"
EndProject
Global
	GlobalSection(SolutionConfigurationPlatforms) = preSolution
		Debug|Any CPU = Debug|Any CPU
		Release|Any CPU = Release|Any CPU
	EndGlobalSection
	GlobalSection(ProjectConfigurationPlatforms) = postSolution
		{880AF4C0-50FC-78C1-7C58-4359C9AE8176}.Debug|Any CPU.ActiveCfg = Debug|Any CPU
		{880AF4C0-50FC-78C1-7C58-4359C9AE8176}.Debug|Any CPU.Build.0 = Debug|Any CPU
		{880AF4C0-50FC-78C1-7C58-4359C9AE8176}.Release|Any CPU.ActiveCfg = Release|Any CPU
		{880AF4C0-50FC-78C1-7C58-4359C9AE8176}.Release|Any CPU.Build.0 = Release|Any CPU
	EndGlobalSection
	GlobalSection(SolutionProperties) = preSolution
		HideSolutionNode = FALSE
	EndGlobalSection
	GlobalSection(NestedProjects) = preSolution
		{880AF4C0-50FC-78C1-7C58-4359C9AE8176} = {8611CEBD-4683-B532-4E66-174D9C1D9B39}
	EndGlobalSection
	GlobalSection(ExtensibilityGlobals) = postSolution
		SolutionGuid = {91278D5A-72D2-4134-9CEF-3141D5B03F12}
	EndGlobalSection
EndGlobal
