Microsoft Visual Studio Solution File, Format Version 12.00
# Visual Studio Version 17
VisualStudioVersion = 17.5.2.0
MinimumVisualStudioVersion = 10.0.40219.1
Project("{2150E333-8FDC-42A3-9474-1A3956D46DE8}") = "Programs", "Programs", "{3A6250C3-CF70-1958-AD9B-B560FCD0EA8E}"
EndProject
Project("{FAE04EC0-301F-11D3-BF4B-00C04F79EFBC}") = "TodoList", "Programs\TodoList\TodoList.csproj", "{913AEA80-286A-9844-9444-7B3808EC8809}"
EndProject
Global
	GlobalSection(SolutionConfigurationPlatforms) = preSolution
		Debug|Any CPU = Debug|Any CPU
		Release|Any CPU = Release|Any CPU
	EndGlobalSection
	GlobalSection(ProjectConfigurationPlatforms) = postSolution
		{913AEA80-286A-9844-9444-7B3808EC8809}.Debug|Any CPU.ActiveCfg = Debug|Any CPU
		{913AEA80-286A-9844-9444-7B3808EC8809}.Debug|Any CPU.Build.0 = Debug|Any CPU
		{913AEA80-286A-9844-9444-7B3808EC8809}.Release|Any CPU.ActiveCfg = Release|Any CPU
		{913AEA80-286A-9844-9444-7B3808EC8809}.Release|Any CPU.Build.0 = Release|Any CPU
	EndGlobalSection
	GlobalSection(SolutionProperties) = preSolution
		HideSolutionNode = FALSE
	EndGlobalSection
	GlobalSection(NestedProjects) = preSolution
		{913AEA80-286A-9844-9444-7B3808EC8809} = {3A6250C3-CF70-1958-AD9B-B560FCD0EA8E}
	EndGlobalSection
	GlobalSection(ExtensibilityGlobals) = postSolution
		SolutionGuid = {4AC8B9FE-05FC-4ABD-96B0-2257C7A825DA}
	EndGlobalSection
EndGlobal
