Microsoft Visual Studio Solution File, Format Version 12.00
# Visual Studio Version 17
VisualStudioVersion = 17.5.2.0
MinimumVisualStudioVersion = 10.0.40219.1
Project("{FAE04EC0-301F-11D3-BF4B-00C04F79EFBC}") = "ConsoleApp", "TodoList\ConsoleApp.csproj", "{A1461C5B-82BA-8D86-FE1E-2278B1BD40AE}"
EndProject
Project("{FAE04EC0-301F-11D3-BF4B-00C04F79EFBC}") = "UnitTest", "UnitTest\UnitTest.csproj", "{E6F190E7-B675-6E01-F209-BD476091BC92}"
EndProject
Global
	GlobalSection(SolutionConfigurationPlatforms) = preSolution
		Debug|Any CPU = Debug|Any CPU
		Release|Any CPU = Release|Any CPU
	EndGlobalSection
	GlobalSection(ProjectConfigurationPlatforms) = postSolution
		{A1461C5B-82BA-8D86-FE1E-2278B1BD40AE}.Debug|Any CPU.ActiveCfg = Debug|Any CPU
		{A1461C5B-82BA-8D86-FE1E-2278B1BD40AE}.Debug|Any CPU.Build.0 = Debug|Any CPU
		{A1461C5B-82BA-8D86-FE1E-2278B1BD40AE}.Release|Any CPU.ActiveCfg = Release|Any CPU
		{A1461C5B-82BA-8D86-FE1E-2278B1BD40AE}.Release|Any CPU.Build.0 = Release|Any CPU
		{E6F190E7-B675-6E01-F209-BD476091BC92}.Debug|Any CPU.ActiveCfg = Debug|Any CPU
		{E6F190E7-B675-6E01-F209-BD476091BC92}.Debug|Any CPU.Build.0 = Debug|Any CPU
		{E6F190E7-B675-6E01-F209-BD476091BC92}.Release|Any CPU.ActiveCfg = Release|Any CPU
		{E6F190E7-B675-6E01-F209-BD476091BC92}.Release|Any CPU.Build.0 = Release|Any CPU
	EndGlobalSection
	GlobalSection(SolutionProperties) = preSolution
		HideSolutionNode = FALSE
	EndGlobalSection
	GlobalSection(ExtensibilityGlobals) = postSolution
		SolutionGuid = {2D83D36E-C7B2-4A03-A29E-9540B9CC90DC}
	EndGlobalSection
EndGlobal
