
Microsoft Visual Studio Solution File, Format Version 12.00
# Visual Studio Version 18
VisualStudioVersion = 18.3.11426.168 d18.3
MinimumVisualStudioVersion = 10.0.40219.1
Project("{FAE04EC0-301F-11D3-BF4B-00C04F79EFBC}") = "ShevricTodo", "TodoList\ShevricTodo.csproj", "{6553F94C-8F2E-476B-8D3C-C815A300FE3F}"
EndProject
Project("{FAE04EC0-301F-11D3-BF4B-00C04F79EFBC}") = "UnitTest", "UnitTest\UnitTest.csproj", "{07EDCFC3-160C-4FFE-8906-30CEF7FC5EE0}"
EndProject
Global
	GlobalSection(SolutionConfigurationPlatforms) = preSolution
		Debug|Any CPU = Debug|Any CPU
		Release|Any CPU = Release|Any CPU
	EndGlobalSection
	GlobalSection(ProjectConfigurationPlatforms) = postSolution
		{6553F94C-8F2E-476B-8D3C-C815A300FE3F}.Debug|Any CPU.ActiveCfg = Debug|Any CPU
		{6553F94C-8F2E-476B-8D3C-C815A300FE3F}.Debug|Any CPU.Build.0 = Debug|Any CPU
		{6553F94C-8F2E-476B-8D3C-C815A300FE3F}.Release|Any CPU.ActiveCfg = Release|Any CPU
		{6553F94C-8F2E-476B-8D3C-C815A300FE3F}.Release|Any CPU.Build.0 = Release|Any CPU
		{07EDCFC3-160C-4FFE-8906-30CEF7FC5EE0}.Debug|Any CPU.ActiveCfg = Debug|Any CPU
		{07EDCFC3-160C-4FFE-8906-30CEF7FC5EE0}.Debug|Any CPU.Build.0 = Debug|Any CPU
		{07EDCFC3-160C-4FFE-8906-30CEF7FC5EE0}.Release|Any CPU.ActiveCfg = Release|Any CPU
		{07EDCFC3-160C-4FFE-8906-30CEF7FC5EE0}.Release|Any CPU.Build.0 = Release|Any CPU
	EndGlobalSection
	GlobalSection(SolutionProperties) = preSolution
		HideSolutionNode = FALSE
	EndGlobalSection
	GlobalSection(ExtensibilityGlobals) = postSolution
		SolutionGuid = {DA665589-B7C8-4660-B284-2654FADA668B}
	EndGlobalSection
EndGlobal
