
Microsoft Visual Studio Solution File, Format Version 12.00
# Visual Studio Version 17
VisualStudioVersion = 17.5.2.0
MinimumVisualStudioVersion = 10.0.40219.1
Project("{FAE04EC0-301F-11D3-BF4B-00C04F79EFBC}") = "Todolist", "Todolist.csproj", "{21CDAE8C-4911-4940-A666-9CF4DBB28F47}"
EndProject
Project("{FAE04EC0-301F-11D3-BF4B-00C04F79EFBC}") = "Todolist.Tests", "Todolist.Tests\Todolist.Tests.csproj", "{B1FC80C4-3E28-4B4F-8E35-10961BE19048}"
EndProject
Global
	GlobalSection(SolutionConfigurationPlatforms) = preSolution
		Debug|Any CPU = Debug|Any CPU
		Debug|x64 = Debug|x64
		Debug|x86 = Debug|x86
		Release|Any CPU = Release|Any CPU
		Release|x64 = Release|x64
		Release|x86 = Release|x86
	EndGlobalSection
	GlobalSection(ProjectConfigurationPlatforms) = postSolution
		{21CDAE8C-4911-4940-A666-9CF4DBB28F47}.Debug|Any CPU.ActiveCfg = Debug|Any CPU
		{21CDAE8C-4911-4940-A666-9CF4DBB28F47}.Debug|Any CPU.Build.0 = Debug|Any CPU
		{21CDAE8C-4911-4940-A666-9CF4DBB28F47}.Debug|x64.ActiveCfg = Debug|Any CPU
		{21CDAE8C-4911-4940-A666-9CF4DBB28F47}.Debug|x64.Build.0 = Debug|Any CPU
		{21CDAE8C-4911-4940-A666-9CF4DBB28F47}.Debug|x86.ActiveCfg = Debug|Any CPU
		{21CDAE8C-4911-4940-A666-9CF4DBB28F47}.Debug|x86.Build.0 = Debug|Any CPU
		{21CDAE8C-4911-4940-A666-9CF4DBB28F47}.Release|Any CPU.ActiveCfg = Release|Any CPU
		{21CDAE8C-4911-4940-A666-9CF4DBB28F47}.Release|Any CPU.Build.0 = Release|Any CPU
		{21CDAE8C-4911-4940-A666-9CF4DBB28F47}.Release|x64.ActiveCfg = Release|Any CPU
		{21CDAE8C-4911-4940-A666-9CF4DBB28F47}.Release|x64.Build.0 = Release|Any CPU
		{21CDAE8C-4911-4940-A666-9CF4DBB28F47}.Release|x86.ActiveCfg = Release|Any CPU
		{21CDAE8C-4911-4940-A666-9CF4DBB28F47}.Release|x86.Build.0 = Release|Any CPU
		{B1FC80C4-3E28-4B4F-8E35-10961BE19048}.Debug|Any CPU.ActiveCfg = Debug|Any CPU
		{B1FC80C4-3E28-4B4F-8E35-10961BE19048}.Debug|Any CPU.Build.0 = Debug|Any CPU
		{B1FC80C4-3E28-4B4F-8E35-10961BE19048}.Debug|x64.ActiveCfg = Debug|Any CPU
		{B1FC80C4-3E28-4B4F-8E35-10961BE19048}.Debug|x64.Build.0 = Debug|Any CPU
		{B1FC80C4-3E28-4B4F-8E35-10961BE19048}.Debug|x86.ActiveCfg = Debug|Any CPU
		{B1FC80C4-3E28-4B4F-8E35-10961BE19048}.Debug|x86.Build.0 = Debug|Any CPU
		{B1FC80C4-3E28-4B4F-8E35-10961BE19048}.Release|Any CPU.ActiveCfg = Release|Any CPU
		{B1FC80C4-3E28-4B4F-8E35-10961BE19048}.Release|Any CPU.Build.0 = Release|Any CPU
		{B1FC80C4-3E28-4B4F-8E35-10961BE19048}.Release|x64.ActiveCfg = Release|Any CPU
		{B1FC80C4-3E28-4B4F-8E35-10961BE19048}.Release|x64.Build.0 = Release|Any CPU
		{B1FC80C4-3E28-4B4F-8E35-10961BE19048}.Release|x86.ActiveCfg = Release|Any CPU
		{B1FC80C4-3E28-4B4F-8E35-10961BE19048}.Release|x86.Build.0 = Release|Any CPU
	EndGlobalSection
	GlobalSection(SolutionProperties) = preSolution
		HideSolutionNode = FALSE
	EndGlobalSection
	GlobalSection(ExtensibilityGlobals) = postSolution
		SolutionGuid = {57E25E27-2380-4C30-B2C0-CAC5B00DFC67}
	EndGlobalSection
EndGlobal
