
Microsoft Visual Studio Solution File, Format Version 12.00
# Visual Studio Version 17
VisualStudioVersion = 17.14.36511.14
MinimumVisualStudioVersion = 10.0.40219.1
Project("{FAE04EC0-301F-11D3-BF4B-00C04F79EFBC}") = "TodoList", "TodoList.csproj", "{6FAD7FF8-EABC-4528-B830-C2A5F05DE4F2}"
EndProject
Project("{FAE04EC0-301F-11D3-BF4B-00C04F79EFBC}") = "TodoLists.Tests", "..\TodoLists.Tests\TodoLists.Tests.csproj", "{BAF298C7-7E12-4369-9B35-0527B4485954}"
EndProject
Project("{FAE04EC0-301F-11D3-BF4B-00C04F79EFBC}") = "TodoList.Tests", "..\TodoList.Tests\TodoList.Tests.csproj", "{7AA57509-B047-48E3-9966-E50A65DA8C1F}"
EndProject
Global
	GlobalSection(SolutionConfigurationPlatforms) = preSolution
		Debug|Any CPU = Debug|Any CPU
		Release|Any CPU = Release|Any CPU
	EndGlobalSection
	GlobalSection(ProjectConfigurationPlatforms) = postSolution
		{6FAD7FF8-EABC-4528-B830-C2A5F05DE4F2}.Debug|Any CPU.ActiveCfg = Debug|Any CPU
		{6FAD7FF8-EABC-4528-B830-C2A5F05DE4F2}.Debug|Any CPU.Build.0 = Debug|Any CPU
		{6FAD7FF8-EABC-4528-B830-C2A5F05DE4F2}.Release|Any CPU.ActiveCfg = Release|Any CPU
		{6FAD7FF8-EABC-4528-B830-C2A5F05DE4F2}.Release|Any CPU.Build.0 = Release|Any CPU
		{BAF298C7-7E12-4369-9B35-0527B4485954}.Debug|Any CPU.ActiveCfg = Debug|Any CPU
		{BAF298C7-7E12-4369-9B35-0527B4485954}.Debug|Any CPU.Build.0 = Debug|Any CPU
		{BAF298C7-7E12-4369-9B35-0527B4485954}.Release|Any CPU.ActiveCfg = Release|Any CPU
		{BAF298C7-7E12-4369-9B35-0527B4485954}.Release|Any CPU.Build.0 = Release|Any CPU
		{7AA57509-B047-48E3-9966-E50A65DA8C1F}.Debug|Any CPU.ActiveCfg = Debug|Any CPU
		{7AA57509-B047-48E3-9966-E50A65DA8C1F}.Debug|Any CPU.Build.0 = Debug|Any CPU
		{7AA57509-B047-48E3-9966-E50A65DA8C1F}.Release|Any CPU.ActiveCfg = Release|Any CPU
		{7AA57509-B047-48E3-9966-E50A65DA8C1F}.Release|Any CPU.Build.0 = Release|Any CPU
	EndGlobalSection
	GlobalSection(SolutionProperties) = preSolution
		HideSolutionNode = FALSE
	EndGlobalSection
	GlobalSection(ExtensibilityGlobals) = postSolution
		SolutionGuid = {1AB874E9-E88C-427B-8EAF-664B7ABA44D6}
	EndGlobalSection
EndGlobal
